<?xml version="1.0" encoding="utf-8"?>
<Project ToolsVersion="4.0" xmlns="http://schemas.microsoft.com/developer/msbuild/2003">
  <ItemGroup>
    <Filter Include="Source Files">
      <UniqueIdentifier>{4FC737F1-C7A5-4376-A066-2A32D752A2FF}</UniqueIdentifier>
      <Extensions>cpp;c</Extensions>
    </Filter>
    <Filter Include="Header Files">
      <UniqueIdentifier>{93995380-89BD-4b04-88EB-625FBE52EBFB}</UniqueIdentifier>
      <Extensions>h;hh;hpp</Extensions>
    </Filter>
  </ItemGroup>
  <ItemGroup>
    <ClCompile Include="..\..\external\src\vorbis\lib\analysis.c">
      <Filter>Source Files</Filter>
    </ClCompile>
    <ClCompile Include="..\..\external\src\vorbis\lib\bitrate.c">
      <Filter>Source Files</Filter>
    </ClCompile>
    <ClCompile Include="..\..\external\src\vorbis\lib\block.c">
      <Filter>Source Files</Filter>
    </ClCompile>
    <ClCompile Include="..\..\external\src\vorbis\lib\codebook.c">
      <Filter>Source Files</Filter>
    </ClCompile>
    <ClCompile Include="..\..\external\src\vorbis\lib\envelope.c">
      <Filter>Source Files</Filter>
    </ClCompile>
    <ClCompile Include="..\..\external\src\vorbis\lib\floor0.c">
      <Filter>Source Files</Filter>
    </ClCompile>
    <ClCompile Include="..\..\external\src\vorbis\lib\floor1.c">
      <Filter>Source Files</Filter>
    </ClCompile>
    <ClCompile Include="..\..\external\src\vorbis\lib\info.c">
      <Filter>Source Files</Filter>
    </ClCompile>
    <ClCompile Include="..\..\external\src\vorbis\lib\lookup.c">
      <Filter>Source Files</Filter>
    </ClCompile>
    <ClCompile Include="..\..\external\src\vorbis\lib\lpc.c">
      <Filter>Source Files</Filter>
    </ClCompile>
    <ClCompile Include="..\..\external\src\vorbis\lib\lsp.c">
      <Filter>Source Files</Filter>
    </ClCompile>
    <ClCompile Include="..\..\external\src\vorbis\lib\mapping0.c">
      <Filter>Source Files</Filter>
    </ClCompile>
    <ClCompile Include="..\..\external\src\vorbis\lib\mdct.c">
      <Filter>Source Files</Filter>
    </ClCompile>
    <ClCompile Include="..\..\external\src\vorbis\lib\psy.c">
      <Filter>Source Files</Filter>
    </ClCompile>
    <ClCompile Include="..\..\external\src\vorbis\lib\registry.c">
      <Filter>Source Files</Filter>
    </ClCompile>
    <ClCompile Include="..\..\external\src\vorbis\lib\res0.c">
      <Filter>Source Files</Filter>
    </ClCompile>
    <ClCompile Include="..\..\external\src\vorbis\lib\sharedbook.c">
      <Filter>Source Files</Filter>
    </ClCompile>
    <ClCompile Include="..\..\external\src\vorbis\lib\smallft.c">
      <Filter>Source Files</Filter>
    </ClCompile>
    <ClCompile Include="..\..\external\src\vorbis\lib\synthesis.c">
      <Filter>Source Files</Filter>
    </ClCompile>
    <ClCompile Include="..\..\external\src\vorbis\lib\vorbisfile.c">
      <Filter>Source Files</Filter>
    </ClCompile>
    <ClCompile Include="..\..\external\src\vorbis\lib\window.c">
      <Filter>Source Files</Filter>
    </ClCompile>
  </ItemGroup>
  <ItemGroup>
    <ClInclude Include="..\..\external\src\vorbis\lib\backends.h">
      <Filter>Header Files</Filter>
    </ClInclude>
    <ClInclude Include="..\..\external\src\vorbis\lib\bitrate.h">
      <Filter>Header Files</Filter>
    </ClInclude>
    <ClInclude Include="..\..\external\src\vorbis\lib\codebook.h">
      <Filter>Header Files</Filter>
    </ClInclude>
    <ClInclude Include="..\..\external\src\vorbis\lib\codec_internal.h">
      <Filter>Header Files</Filter>
    </ClInclude>
    <ClInclude Include="..\..\external\src\vorbis\lib\envelope.h">
      <Filter>Header Files</Filter>
    </ClInclude>
    <ClInclude Include="..\..\external\src\vorbis\lib\highlevel.h">
      <Filter>Header Files</Filter>
    </ClInclude>
    <ClInclude Include="..\..\external\src\vorbis\lib\lookup.h">
      <Filter>Header Files</Filter>
    </ClInclude>
    <ClInclude Include="..\..\external\src\vorbis\lib\lookup_data.h">
      <Filter>Header Files</Filter>
    </ClInclude>
    <ClInclude Include="..\..\external\src\vorbis\lib\lpc.h">
      <Filter>Header Files</Filter>
    </ClInclude>
    <ClInclude Include="..\..\external\src\vorbis\lib\lsp.h">
      <Filter>Header Files</Filter>
    </ClInclude>
    <ClInclude Include="..\..\external\src\vorbis\lib\masking.h">
      <Filter>Header Files</Filter>
    </ClInclude>
    <ClInclude Include="..\..\external\src\vorbis\lib\mdct.h">
      <Filter>Header Files</Filter>
    </ClInclude>
    <ClInclude Include="..\..\external\src\vorbis\lib\misc.h">
      <Filter>Header Files</Filter>
    </ClInclude>
    <ClInclude Include="..\..\external\src\vorbis\lib\os.h">
      <Filter>Header Files</Filter>
    </ClInclude>
    <ClInclude Include="..\..\external\src\vorbis\lib\psy.h">
      <Filter>Header Files</Filter>
    </ClInclude>
    <ClInclude Include="..\..\external\src\vorbis\lib\registry.h">
      <Filter>Header Files</Filter>
    </ClInclude>
    <ClInclude Include="..\..\external\src\vorbis\lib\scales.h">
      <Filter>Header Files</Filter>
    </ClInclude>
    <ClInclude Include="..\..\external\src\vorbis\lib\smallft.h">
      <Filter>Header Files</Filter>
    </ClInclude>
    <ClInclude Include="..\..\external\src\vorbis\lib\window.h">
      <Filter>Header Files</Filter>
    </ClInclude>
    <ClInclude Include="..\..\external\src\vorbis\lib\books\coupled\res_books_51.h">
      <Filter>Header Files</Filter>
    </ClInclude>
    <ClInclude Include="..\..\external\src\vorbis\lib\books\coupled\res_books_stereo.h">
      <Filter>Header Files</Filter>
    </ClInclude>
    <ClInclude Include="..\..\external\src\vorbis\lib\books\floor\floor_books.h">
      <Filter>Header Files</Filter>
    </ClInclude>
    <ClInclude Include="..\..\external\src\vorbis\lib\books\uncoupled\res_books_uncoupled.h">
      <Filter>Header Files</Filter>
    </ClInclude>
  </ItemGroup>
</Project>