<?xml version="1.0" encoding="utf-8"?>
<Project ToolsVersion="4.0" xmlns="http://schemas.microsoft.com/developer/msbuild/2003">
  <ItemGroup>
    <Filter Include="Source Files">
      <UniqueIdentifier>{4FC737F1-C7A5-4376-A066-2A32D752A2FF}</UniqueIdentifier>
      <Extensions>cpp;c;cc;cxx;def;odl;idl;hpj;bat;asm;asmx</Extensions>
    </Filter>
    <Filter Include="Header Files">
      <UniqueIdentifier>{93995380-89BD-4b04-88EB-625FBE52EBFB}</UniqueIdentifier>
      <Extensions>h;hh;hpp;hxx;hm;inl;inc;ipp;xsd</Extensions>
    </Filter>
    <Filter Include="Resource Files">
      <UniqueIdentifier>{67DA6AB6-F800-4c08-8B7A-83BB121AAD01}</UniqueIdentifier>
      <Extensions>rc;ico;cur;bmp;dlg;rc2;rct;bin;rgs;gif;jpg;jpeg;jpe;resx;tiff;tif;png;wav;mfcribbon-ms</Extensions>
    </Filter>
    <Filter Include="Source Files\Shaders">
      <UniqueIdentifier>{0c40e947-296a-490b-a040-5236d38c51f4}</UniqueIdentifier>
    </Filter>
    <Filter Include="Source Files\utils">
      <UniqueIdentifier>{6f64cf82-313f-49dd-8262-82a9907f2f1b}</UniqueIdentifier>
      <Extensions>h;c</Extensions>
    </Filter>
    <Filter Include="Source Files\utils\mikktspace">
      <UniqueIdentifier>{cc8e2e3a-2f7c-46a2-a531-fd102d6c578e}</UniqueIdentifier>
    </Filter>
  </ItemGroup>
  <ItemGroup>
    <ClCompile Include="..\..\renderers\vulkan\tr_animation.c">
      <Filter>Source Files</Filter>
    </ClCompile>
    <ClCompile Include="..\..\renderers\vulkan\tr_backend.c">
      <Filter>Source Files</Filter>
    </ClCompile>
    <ClCompile Include="..\..\renderers\vulkan\tr_bsp.c">
      <Filter>Source Files</Filter>
    </ClCompile>
    <ClCompile Include="..\..\renderers\vulkan\tr_cmds.c">
      <Filter>Source Files</Filter>
    </ClCompile>
    <ClCompile Include="..\..\renderers\vulkan\tr_curve.c">
      <Filter>Source Files</Filter>
    </ClCompile>
    <ClCompile Include="..\..\renderers\vulkan\tr_image.c">
      <Filter>Source Files</Filter>
    </ClCompile>
    <ClCompile Include="..\..\renderers\common\tr_font.c">
      <Filter>Source Files</Filter>
    </ClCompile>
    <ClCompile Include="..\..\renderers\common\tr_image_bmp.c">
      <Filter>Source Files</Filter>
    </ClCompile>
    <ClCompile Include="..\..\renderers\common\tr_image_jpg.c">
      <Filter>Source Files</Filter>
    </ClCompile>
    <ClCompile Include="..\..\renderers\common\tr_image_pcx.c">
      <Filter>Source Files</Filter>
    </ClCompile>
    <ClCompile Include="..\..\renderers\common\tr_image_png.c">
      <Filter>Source Files</Filter>
    </ClCompile>
    <ClCompile Include="..\..\renderers\common\tr_image_tga.c">
      <Filter>Source Files</Filter>
    </ClCompile>
    <ClCompile Include="..\..\renderers\vulkan\tr_init.c">
      <Filter>Source Files</Filter>
    </ClCompile>
    <ClCompile Include="..\..\renderers\vulkan\tr_light.c">
      <Filter>Source Files</Filter>
    </ClCompile>
    <ClCompile Include="..\..\renderers\vulkan\tr_main.c">
      <Filter>Source Files</Filter>
    </ClCompile>
    <ClCompile Include="..\..\renderers\vulkan\tr_marks.c">
      <Filter>Source Files</Filter>
    </ClCompile>
    <ClCompile Include="..\..\renderers\vulkan\tr_mesh.c">
      <Filter>Source Files</Filter>
    </ClCompile>
    <ClCompile Include="..\..\renderers\vulkan\tr_model.c">
      <Filter>Source Files</Filter>
    </ClCompile>
    <ClCompile Include="..\..\renderers\vulkan\tr_model_iqm.c">
      <Filter>Source Files</Filter>
    </ClCompile>
    <ClCompile Include="..\..\renderers\vulkan\tr_scene.c">
      <Filter>Source Files</Filter>
    </ClCompile>
    <ClCompile Include="..\..\renderers\vulkan\tr_shade.c">
      <Filter>Source Files</Filter>
    </ClCompile>
    <ClCompile Include="..\..\renderers\vulkan\tr_shade_calc.c">
      <Filter>Source Files</Filter>
    </ClCompile>
    <ClCompile Include="..\..\renderers\vulkan\tr_shader.c">
      <Filter>Source Files</Filter>
    </ClCompile>
    <ClCompile Include="..\..\renderers\vulkan\tr_shadows.c">
      <Filter>Source Files</Filter>
    </ClCompile>
    <ClCompile Include="..\..\renderers\vulkan\tr_sky.c">
      <Filter>Source Files</Filter>
    </ClCompile>
    <ClCompile Include="..\..\renderers\vulkan\tr_surface.c">
      <Filter>Source Files</Filter>
    </ClCompile>
    <ClCompile Include="..\..\renderers\vulkan\tr_world.c">
      <Filter>Source Files</Filter>
    </ClCompile>
    <ClCompile Include="..\..\renderers\vulkan\vk.c">
      <Filter>Source Files</Filter>
    </ClCompile>
    <ClCompile Include="..\..\renderers\vulkan\vk_procs.c">
      <Filter>Source Files</Filter>
    </ClCompile>
    <ClCompile Include="..\..\renderers\vulkan\vk_shader_modules.c">
      <Filter>Source Files</Filter>
    </ClCompile>
    <ClCompile Include="..\..\renderers\vulkan\vk_pipelines_persistent.c">
      <Filter>Source Files</Filter>
    </ClCompile>
    <ClCompile Include="..\..\renderers\vulkan\vk_descriptor_sets.c">
      <Filter>Source Files</Filter>
    </ClCompile>
    <ClCompile Include="..\..\renderers\vulkan\vk_texture_image.c">
      <Filter>Source Files</Filter>
    </ClCompile>
    <ClCompile Include="..\..\renderers\vulkan\vk_pipeline_helpers.c">
      <Filter>Source Files</Filter>
    </ClCompile>
    <ClCompile Include="..\..\renderers\vulkan\vk_occlusion.c">
      <Filter>Source Files</Filter>
    </ClCompile>
    <ClCompile Include="..\..\renderers\vulkan\vk_create_pipeline.c">
      <Filter>Source Files</Filter>
    </ClCompile>
    <ClCompile Include="..\..\renderers\vulkan\vk_draw_state.c">
      <Filter>Source Files</Filter>
    </ClCompile>
    <ClCompile Include="..\..\renderers\vulkan\vk_volumetric_pipelines.c">
      <Filter>Source Files</Filter>
    </ClCompile>
    <ClCompile Include="..\..\renderers\vulkan\vk_volumetric_internal.c">
      <Filter>Source Files</Filter>
    </ClCompile>
    <ClCompile Include="..\..\renderers\vulkan\vk_volumetric_pass_compute.c">
      <Filter>Source Files</Filter>
    </ClCompile>
    <ClCompile Include="..\..\renderers\vulkan\vk_shutdown.c">
      <Filter>Source Files</Filter>
    </ClCompile>
    <ClCompile Include="..\..\renderers\vulkan\vk_attachments.c">
      <Filter>Source Files</Filter>
    </ClCompile>
    <ClCompile Include="..\..\renderers\vulkan\vk_resource_destroy.c">
      <Filter>Source Files</Filter>
    </ClCompile>
    <ClCompile Include="..\..\renderers\vulkan\vk_framebuffers.c">
      <Filter>Source Files</Filter>
    </ClCompile>
    <ClCompile Include="..\..\renderers\common\tr_noise.c">
      <Filter>Source Files</Filter>
    </ClCompile>
    <ClCompile Include="..\..\renderers\vulkan\vk_flares.c">
      <Filter>Source Files</Filter>
    </ClCompile>
    <ClCompile Include="..\..\renderers\vulkan\vk_vbo.c">
      <Filter>Source Files</Filter>
    </ClCompile>
    <ClCompile Include="..\..\renderers\vulkan\vk_mikktspace.c">
      <Filter>Source Files</Filter>
    </ClCompile>
    <ClCompile Include="..\..\renderers\vulkan\utils\mikktspace\mikktspace.c">
      <Filter>Source Files\utils\mikktspace</Filter>
    </ClCompile>
  </ItemGroup>
  <ItemGroup>
    <ClInclude Include="..\..\renderers\vulkan\iqm.h">
      <Filter>Header Files</Filter>
    </ClInclude>
    <ClInclude Include="..\..\renderers\vulkan\tr_common.h">
      <Filter>Header Files</Filter>
    </ClInclude>
    <ClInclude Include="..\..\renderers\vulkan\tr_local.h">
      <Filter>Header Files</Filter>
    </ClInclude>
    <ClInclude Include="..\..\renderers\common\tr_public.h">
      <Filter>Header Files</Filter>
    </ClInclude>
    <ClInclude Include="..\..\renderers\common\tr_types.h">
      <Filter>Header Files</Filter>
    </ClInclude>
    <ClInclude Include="..\..\renderers\vulkan\vk.h">
      <Filter>Header Files</Filter>
    </ClInclude>
    <ClInclude Include="..\..\renderers\vulkan\utils\mikktspace\mikktspace.h">
      <Filter>Source Files\utils\mikktspace</Filter>
    </ClInclude>
  </ItemGroup>
</Project>